// !$*UTF8*$!
{
	archiveVersion = 1;
	classes = {
	};
	objectVersion = 51;
	objects = {

/* Begin PBXBuildFile section */
		98B0A88320C8CA2665433AEC /* Pods_Zaina.framework in Frameworks */ = {isa = PBXBuildFile; fileRef = 937452DE131F26D018149D77 /* Pods_Zaina.framework */; };
		C607126C2375DC0200039AE6 /* main_screen.mp3 in Resources */ = {isa = PBXBuildFile; fileRef = C607126B2375DC0200039AE6 /* main_screen.mp3 */; };
		C607126E2375DD7F00039AE6 /* darkforest.mp3 in Resources */ = {isa = PBXBuildFile; fileRef = C607126D2375DD7F00039AE6 /* darkforest.mp3 */; };
		C61B0B2C2366113100CB376F /* MainViewController.swift in Sources */ = {isa = PBXBuildFile; fileRef = C61B0B2B2366113100CB376F /* MainViewController.swift */; };
		C61B383E237681070004B2B1 /* HouseExitViewController.swift in Sources */ = {isa = PBXBuildFile; fileRef = C61B383D237681070004B2B1 /* HouseExitViewController.swift */; };
		C6435247242DAD780025B179 /* FireSpriteView.swift in Sources */ = {isa = PBXBuildFile; fileRef = C6435246242DAD780025B179 /* FireSpriteView.swift */; };
		C6435249242DF52B0025B179 /* Music.swift in Sources */ = {isa = PBXBuildFile; fileRef = C6435248242DF52B0025B179 /* Music.swift */; };
		C6792AED22E4D140000A34A6 /* AppDelegate.swift in Sources */ = {isa = PBXBuildFile; fileRef = C6792AEC22E4D140000A34A6 /* AppDelegate.swift */; };
		C6792AEF22E4D140000A34A6 /* HouseViewController.swift in Sources */ = {isa = PBXBuildFile; fileRef = C6792AEE22E4D140000A34A6 /* HouseViewController.swift */; };
		C6792AF222E4D140000A34A6 /* Main.storyboard in Resources */ = {isa = PBXBuildFile; fileRef = C6792AF022E4D140000A34A6 /* Main.storyboard */; };
		C6792AF422E4D142000A34A6 /* Assets.xcassets in Resources */ = {isa = PBXBuildFile; fileRef = C6792AF322E4D142000A34A6 /* Assets.xcassets */; };
		C6792AF722E4D142000A34A6 /* LaunchScreen.storyboard in Resources */ = {isa = PBXBuildFile; fileRef = C6792AF522E4D142000A34A6 /* LaunchScreen.storyboard */; };
		C67BC1BE22EAECA500C7D44E /* pixel_font.ttf in Resources */ = {isa = PBXBuildFile; fileRef = C67BC1BD22EAECA200C7D44E /* pixel_font.ttf */; };
		C6801B0E2366056100A3085C /* IntranceViewController.swift in Sources */ = {isa = PBXBuildFile; fileRef = C6801B0D2366056100A3085C /* IntranceViewController.swift */; };
		C68513EF23756A0300D55020 /* OmarSpriteView.swift in Sources */ = {isa = PBXBuildFile; fileRef = C68513EE23756A0300D55020 /* OmarSpriteView.swift */; };
		C68513F6237595CB00D55020 /* Status.swift in Sources */ = {isa = PBXBuildFile; fileRef = C68513F5237595CB00D55020 /* Status.swift */; };
		C68513F92375963A00D55020 /* Localizable.strings in Resources */ = {isa = PBXBuildFile; fileRef = C68513FB2375963A00D55020 /* Localizable.strings */; };
		C68513FD237596FB00D55020 /* String.swift in Sources */ = {isa = PBXBuildFile; fileRef = C68513FC237596FB00D55020 /* String.swift */; };
		C687C4A6236CAC1900E83B61 /* ZainaSpriteView.swift in Sources */ = {isa = PBXBuildFile; fileRef = C687C4A5236CAC1900E83B61 /* ZainaSpriteView.swift */; };
		C687C4A8236CB10400E83B61 /* CollideTypes.swift in Sources */ = {isa = PBXBuildFile; fileRef = C687C4A7236CB10400E83B61 /* CollideTypes.swift */; };
		C687C4AA236CB81300E83B61 /* SpiderSpriteView.swift in Sources */ = {isa = PBXBuildFile; fileRef = C687C4A9236CB81300E83B61 /* SpiderSpriteView.swift */; };
		C687C4AE236CBEEC00E83B61 /* background.wav in Resources */ = {isa = PBXBuildFile; fileRef = C687C4AD236CBEEC00E83B61 /* background.wav */; };
		C6B3BE70237887BB00791FC6 /* Forest.storyboard in Resources */ = {isa = PBXBuildFile; fileRef = C6B3BE6F237887BB00791FC6 /* Forest.storyboard */; };
		C6B3BE73237889AD00791FC6 /* ForestViewController.swift in Sources */ = {isa = PBXBuildFile; fileRef = C6B3BE72237889AD00791FC6 /* ForestViewController.swift */; };
		C6B3BE7623788E7400791FC6 /* about.wav in Resources */ = {isa = PBXBuildFile; fileRef = C6B3BE7423788E7400791FC6 /* about.wav */; };
		C6B3BE7723788E7400791FC6 /* you_win.wav in Resources */ = {isa = PBXBuildFile; fileRef = C6B3BE7523788E7400791FC6 /* you_win.wav */; };
		C6B3BE792378913000791FC6 /* SpidersForestViewController.swift in Sources */ = {isa = PBXBuildFile; fileRef = C6B3BE782378913000791FC6 /* SpidersForestViewController.swift */; };
		C6B3BE7B2378949D00791FC6 /* final_fight.mp3 in Resources */ = {isa = PBXBuildFile; fileRef = C6B3BE7A2378949D00791FC6 /* final_fight.mp3 */; };
		C6B3BE7D237895E200791FC6 /* FinishedViewController.swift in Sources */ = {isa = PBXBuildFile; fileRef = C6B3BE7C237895E200791FC6 /* FinishedViewController.swift */; };
		C6B63930236CA5B000C282FC /* UIStoryboard.swift in Sources */ = {isa = PBXBuildFile; fileRef = C6B6392F236CA5B000C282FC /* UIStoryboard.swift */; };
		C6EF56202375E5EC00711E0F /* DiningRoomViewController.swift in Sources */ = {isa = PBXBuildFile; fileRef = C6EF561F2375E5EC00711E0F /* DiningRoomViewController.swift */; };
		C6EF56222375EA6600711E0F /* DarkSoulSpriteView.swift in Sources */ = {isa = PBXBuildFile; fileRef = C6EF56212375EA6600711E0F /* DarkSoulSpriteView.swift */; };
		C6EF56262375F02100711E0F /* GameOverViewController.swift in Sources */ = {isa = PBXBuildFile; fileRef = C6EF56252375F02100711E0F /* GameOverViewController.swift */; };
		C6EF56282375F14D00711E0F /* game_over.wav in Resources */ = {isa = PBXBuildFile; fileRef = C6EF56272375F14D00711E0F /* game_over.wav */; };
		C6EF562A2375FA7000711E0F /* piano90e.mp3 in Resources */ = {isa = PBXBuildFile; fileRef = C6EF56292375FA7000711E0F /* piano90e.mp3 */; };
		C6EF562C2376008E00711E0F /* LightNodeView.swift in Sources */ = {isa = PBXBuildFile; fileRef = C6EF562B2376008E00711E0F /* LightNodeView.swift */; };
		C6EF562E2376052E00711E0F /* House.storyboard in Resources */ = {isa = PBXBuildFile; fileRef = C6EF562D2376052E00711E0F /* House.storyboard */; };
		C6EF5632237612E500711E0F /* KitchenViewController.swift in Sources */ = {isa = PBXBuildFile; fileRef = C6EF5631237612E500711E0F /* KitchenViewController.swift */; };
		C6EF563623761E5300711E0F /* fire.wav in Resources */ = {isa = PBXBuildFile; fileRef = C6EF563523761E5300711E0F /* fire.wav */; };
		C6EF563823761FE500711E0F /* HallViewController.swift in Sources */ = {isa = PBXBuildFile; fileRef = C6EF563723761FE500711E0F /* HallViewController.swift */; };
/* End PBXBuildFile section */

/* Begin PBXFileReference section */
		5E668673C78DCD9B5DA99B34 /* Pods-Zaina.debug.xcconfig */ = {isa = PBXFileReference; includeInIndex = 1; lastKnownFileType = text.xcconfig; name = "Pods-Zaina.debug.xcconfig"; path = "Target Support Files/Pods-Zaina/Pods-Zaina.debug.xcconfig"; sourceTree = "<group>"; };
		937452DE131F26D018149D77 /* Pods_Zaina.framework */ = {isa = PBXFileReference; explicitFileType = wrapper.framework; includeInIndex = 0; path = Pods_Zaina.framework; sourceTree = BUILT_PRODUCTS_DIR; };
		BC08901EDB0FB4EC433D9E01 /* Pods-Zaina.release.xcconfig */ = {isa = PBXFileReference; includeInIndex = 1; lastKnownFileType = text.xcconfig; name = "Pods-Zaina.release.xcconfig"; path = "Target Support Files/Pods-Zaina/Pods-Zaina.release.xcconfig"; sourceTree = "<group>"; };
		C607126B2375DC0200039AE6 /* main_screen.mp3 */ = {isa = PBXFileReference; lastKnownFileType = audio.mp3; path = main_screen.mp3; sourceTree = "<group>"; };
		C607126D2375DD7F00039AE6 /* darkforest.mp3 */ = {isa = PBXFileReference; lastKnownFileType = audio.mp3; path = darkforest.mp3; sourceTree = "<group>"; };
		C61B0B2B2366113100CB376F /* MainViewController.swift */ = {isa = PBXFileReference; lastKnownFileType = sourcecode.swift; path = MainViewController.swift; sourceTree = "<group>"; };
		C61B383D237681070004B2B1 /* HouseExitViewController.swift */ = {isa = PBXFileReference; lastKnownFileType = sourcecode.swift; path = HouseExitViewController.swift; sourceTree = "<group>"; };
		C6435246242DAD780025B179 /* FireSpriteView.swift */ = {isa = PBXFileReference; lastKnownFileType = sourcecode.swift; path = FireSpriteView.swift; sourceTree = "<group>"; };
		C6435248242DF52B0025B179 /* Music.swift */ = {isa = PBXFileReference; lastKnownFileType = sourcecode.swift; path = Music.swift; sourceTree = "<group>"; };
		C6792AE922E4D140000A34A6 /* Zaina.app */ = {isa = PBXFileReference; explicitFileType = wrapper.application; includeInIndex = 0; path = Zaina.app; sourceTree = BUILT_PRODUCTS_DIR; };
		C6792AEC22E4D140000A34A6 /* AppDelegate.swift */ = {isa = PBXFileReference; lastKnownFileType = sourcecode.swift; path = AppDelegate.swift; sourceTree = "<group>"; };
		C6792AEE22E4D140000A34A6 /* HouseViewController.swift */ = {isa = PBXFileReference; lastKnownFileType = sourcecode.swift; path = HouseViewController.swift; sourceTree = "<group>"; };
		C6792AF122E4D140000A34A6 /* Base */ = {isa = PBXFileReference; lastKnownFileType = file.storyboard; name = Base; path = Base.lproj/Main.storyboard; sourceTree = "<group>"; };
		C6792AF322E4D142000A34A6 /* Assets.xcassets */ = {isa = PBXFileReference; lastKnownFileType = folder.assetcatalog; path = Assets.xcassets; sourceTree = "<group>"; };
		C6792AF622E4D142000A34A6 /* Base */ = {isa = PBXFileReference; lastKnownFileType = file.storyboard; name = Base; path = Base.lproj/LaunchScreen.storyboard; sourceTree = "<group>"; };
		C6792AF822E4D142000A34A6 /* Info.plist */ = {isa = PBXFileReference; lastKnownFileType = text.plist.xml; path = Info.plist; sourceTree = "<group>"; };
		C67BC1BD22EAECA200C7D44E /* pixel_font.ttf */ = {isa = PBXFileReference; lastKnownFileType = file; path = pixel_font.ttf; sourceTree = "<group>"; };
		C6801B0D2366056100A3085C /* IntranceViewController.swift */ = {isa = PBXFileReference; lastKnownFileType = sourcecode.swift; path = IntranceViewController.swift; sourceTree = "<group>"; };
		C68513EE23756A0300D55020 /* OmarSpriteView.swift */ = {isa = PBXFileReference; lastKnownFileType = sourcecode.swift; path = OmarSpriteView.swift; sourceTree = "<group>"; };
		C68513F5237595CB00D55020 /* Status.swift */ = {isa = PBXFileReference; lastKnownFileType = sourcecode.swift; path = Status.swift; sourceTree = "<group>"; };
		C68513FA2375963A00D55020 /* en */ = {isa = PBXFileReference; lastKnownFileType = text.plist.strings; name = en; path = en.lproj/Localizable.strings; sourceTree = "<group>"; };
		C68513FC237596FB00D55020 /* String.swift */ = {isa = PBXFileReference; lastKnownFileType = sourcecode.swift; path = String.swift; sourceTree = "<group>"; };
		C687C4A5236CAC1900E83B61 /* ZainaSpriteView.swift */ = {isa = PBXFileReference; lastKnownFileType = sourcecode.swift; path = ZainaSpriteView.swift; sourceTree = "<group>"; };
		C687C4A7236CB10400E83B61 /* CollideTypes.swift */ = {isa = PBXFileReference; lastKnownFileType = sourcecode.swift; path = CollideTypes.swift; sourceTree = "<group>"; };
		C687C4A9236CB81300E83B61 /* SpiderSpriteView.swift */ = {isa = PBXFileReference; lastKnownFileType = sourcecode.swift; path = SpiderSpriteView.swift; sourceTree = "<group>"; };
		C687C4AD236CBEEC00E83B61 /* background.wav */ = {isa = PBXFileReference; lastKnownFileType = audio.wav; path = background.wav; sourceTree = "<group>"; };
		C6B3BE6F237887BB00791FC6 /* Forest.storyboard */ = {isa = PBXFileReference; lastKnownFileType = file.storyboard; path = Forest.storyboard; sourceTree = "<group>"; };
		C6B3BE72237889AD00791FC6 /* ForestViewController.swift */ = {isa = PBXFileReference; lastKnownFileType = sourcecode.swift; path = ForestViewController.swift; sourceTree = "<group>"; };
		C6B3BE7423788E7400791FC6 /* about.wav */ = {isa = PBXFileReference; lastKnownFileType = audio.wav; path = about.wav; sourceTree = "<group>"; };
		C6B3BE7523788E7400791FC6 /* you_win.wav */ = {isa = PBXFileReference; lastKnownFileType = audio.wav; path = you_win.wav; sourceTree = "<group>"; };
		C6B3BE782378913000791FC6 /* SpidersForestViewController.swift */ = {isa = PBXFileReference; lastKnownFileType = sourcecode.swift; path = SpidersForestViewController.swift; sourceTree = "<group>"; };
		C6B3BE7A2378949D00791FC6 /* final_fight.mp3 */ = {isa = PBXFileReference; lastKnownFileType = audio.mp3; path = final_fight.mp3; sourceTree = "<group>"; };
		C6B3BE7C237895E200791FC6 /* FinishedViewController.swift */ = {isa = PBXFileReference; lastKnownFileType = sourcecode.swift; path = FinishedViewController.swift; sourceTree = "<group>"; };
		C6B6392F236CA5B000C282FC /* UIStoryboard.swift */ = {isa = PBXFileReference; lastKnownFileType = sourcecode.swift; path = UIStoryboard.swift; sourceTree = "<group>"; };
		C6EF561F2375E5EC00711E0F /* DiningRoomViewController.swift */ = {isa = PBXFileReference; lastKnownFileType = sourcecode.swift; path = DiningRoomViewController.swift; sourceTree = "<group>"; };
		C6EF56212375EA6600711E0F /* DarkSoulSpriteView.swift */ = {isa = PBXFileReference; lastKnownFileType = sourcecode.swift; path = DarkSoulSpriteView.swift; sourceTree = "<group>"; };
		C6EF56252375F02100711E0F /* GameOverViewController.swift */ = {isa = PBXFileReference; lastKnownFileType = sourcecode.swift; path = GameOverViewController.swift; sourceTree = "<group>"; };
		C6EF56272375F14D00711E0F /* game_over.wav */ = {isa = PBXFileReference; lastKnownFileType = audio.wav; path = game_over.wav; sourceTree = "<group>"; };
		C6EF56292375FA7000711E0F /* piano90e.mp3 */ = {isa = PBXFileReference; lastKnownFileType = audio.mp3; path = piano90e.mp3; sourceTree = "<group>"; };
		C6EF562B2376008E00711E0F /* LightNodeView.swift */ = {isa = PBXFileReference; lastKnownFileType = sourcecode.swift; path = LightNodeView.swift; sourceTree = "<group>"; };
		C6EF562D2376052E00711E0F /* House.storyboard */ = {isa = PBXFileReference; lastKnownFileType = file.storyboard; path = House.storyboard; sourceTree = "<group>"; };
		C6EF5631237612E500711E0F /* KitchenViewController.swift */ = {isa = PBXFileReference; lastKnownFileType = sourcecode.swift; path = KitchenViewController.swift; sourceTree = "<group>"; };
		C6EF563523761E5300711E0F /* fire.wav */ = {isa = PBXFileReference; lastKnownFileType = audio.wav; path = fire.wav; sourceTree = "<group>"; };
		C6EF563723761FE500711E0F /* HallViewController.swift */ = {isa = PBXFileReference; lastKnownFileType = sourcecode.swift; path = HallViewController.swift; sourceTree = "<group>"; };
/* End PBXFileReference section */

/* Begin PBXFrameworksBuildPhase section */
		C6792AE622E4D140000A34A6 /* Frameworks */ = {
			isa = PBXFrameworksBuildPhase;
			buildActionMask = 2147483647;
			files = (
				98B0A88320C8CA2665433AEC /* Pods_Zaina.framework in Frameworks */,
			);
			runOnlyForDeploymentPostprocessing = 0;
		};
/* End PBXFrameworksBuildPhase section */

/* Begin PBXGroup section */
		0BC9F2A6AAE6589B0079783C /* Frameworks */ = {
			isa = PBXGroup;
			children = (
				937452DE131F26D018149D77 /* Pods_Zaina.framework */,
			);
			name = Frameworks;
			sourceTree = "<group>";
		};
		C6792AE022E4D140000A34A6 = {
			isa = PBXGroup;
			children = (
				C6792AEB22E4D140000A34A6 /* Zaina */,
				C6792AEA22E4D140000A34A6 /* Products */,
				F9111D9702A6BDEBE92DECF1 /* Pods */,
				0BC9F2A6AAE6589B0079783C /* Frameworks */,
			);
			sourceTree = "<group>";
		};
		C6792AEA22E4D140000A34A6 /* Products */ = {
			isa = PBXGroup;
			children = (
				C6792AE922E4D140000A34A6 /* Zaina.app */,
			);
			name = Products;
			sourceTree = "<group>";
		};
		C6792AEB22E4D140000A34A6 /* Zaina */ = {
			isa = PBXGroup;
			children = (
				C6792AFF22E4D154000A34A6 /* AppDelegate */,
				C687C4A4236CABF300E83B61 /* Sprites */,
				C6792AFE22E4D149000A34A6 /* ViewControllers */,
				C6792B0122E4D161000A34A6 /* Storyboards */,
				C6792B0222E4D1A0000A34A6 /* Resources */,
				C687C4B1236CCB0900E83B61 /* Helpers */,
				C6792B0322E4D1A8000A34A6 /* SupportFiles */,
			);
			path = Zaina;
			sourceTree = "<group>";
		};
		C6792AFE22E4D149000A34A6 /* ViewControllers */ = {
			isa = PBXGroup;
			children = (
				C6EF562F23760AB700711E0F /* Main */,
				C6B3BE712378898D00791FC6 /* Forest */,
				C6EF563023760AC400711E0F /* House */,
			);
			path = ViewControllers;
			sourceTree = "<group>";
		};
		C6792AFF22E4D154000A34A6 /* AppDelegate */ = {
			isa = PBXGroup;
			children = (
				C6792AEC22E4D140000A34A6 /* AppDelegate.swift */,
			);
			path = AppDelegate;
			sourceTree = "<group>";
		};
		C6792B0122E4D161000A34A6 /* Storyboards */ = {
			isa = PBXGroup;
			children = (
				C6792AF022E4D140000A34A6 /* Main.storyboard */,
				C6EF562D2376052E00711E0F /* House.storyboard */,
				C6B3BE6F237887BB00791FC6 /* Forest.storyboard */,
				C6792AF522E4D142000A34A6 /* LaunchScreen.storyboard */,
			);
			path = Storyboards;
			sourceTree = "<group>";
		};
		C6792B0222E4D1A0000A34A6 /* Resources */ = {
			isa = PBXGroup;
			children = (
				C687C4AC236CBED600E83B61 /* music */,
				C687C4AB236CBED200E83B61 /* fonts */,
				C6792AF322E4D142000A34A6 /* Assets.xcassets */,
			);
			path = Resources;
			sourceTree = "<group>";
		};
		C6792B0322E4D1A8000A34A6 /* SupportFiles */ = {
			isa = PBXGroup;
			children = (
				C6792AF822E4D142000A34A6 /* Info.plist */,
				C68513FB2375963A00D55020 /* Localizable.strings */,
			);
			path = SupportFiles;
			sourceTree = "<group>";
		};
		C68513FE2375AB5C00D55020 /* Extensions */ = {
			isa = PBXGroup;
			children = (
				C6B6392F236CA5B000C282FC /* UIStoryboard.swift */,
				C68513FC237596FB00D55020 /* String.swift */,
			);
			path = Extensions;
			sourceTree = "<group>";
		};
		C687C4A4236CABF300E83B61 /* Sprites */ = {
			isa = PBXGroup;
			children = (
				C687C4A5236CAC1900E83B61 /* ZainaSpriteView.swift */,
				C687C4A9236CB81300E83B61 /* SpiderSpriteView.swift */,
				C68513EE23756A0300D55020 /* OmarSpriteView.swift */,
				C6EF56212375EA6600711E0F /* DarkSoulSpriteView.swift */,
				C6EF562B2376008E00711E0F /* LightNodeView.swift */,
				C6435246242DAD780025B179 /* FireSpriteView.swift */,
			);
			path = Sprites;
			sourceTree = "<group>";
		};
		C687C4AB236CBED200E83B61 /* fonts */ = {
			isa = PBXGroup;
			children = (
				C67BC1BD22EAECA200C7D44E /* pixel_font.ttf */,
			);
			path = fonts;
			sourceTree = "<group>";
		};
		C687C4AC236CBED600E83B61 /* music */ = {
			isa = PBXGroup;
			children = (
				C607126D2375DD7F00039AE6 /* darkforest.mp3 */,
				C6B3BE7A2378949D00791FC6 /* final_fight.mp3 */,
				C607126B2375DC0200039AE6 /* main_screen.mp3 */,
				C6B3BE7423788E7400791FC6 /* about.wav */,
				C6B3BE7523788E7400791FC6 /* you_win.wav */,
				C6EF56292375FA7000711E0F /* piano90e.mp3 */,
				C6EF563523761E5300711E0F /* fire.wav */,
				C6EF56272375F14D00711E0F /* game_over.wav */,
				C687C4AD236CBEEC00E83B61 /* background.wav */,
			);
			path = music;
			sourceTree = "<group>";
		};
		C687C4B1236CCB0900E83B61 /* Helpers */ = {
			isa = PBXGroup;
			children = (
				C68513FE2375AB5C00D55020 /* Extensions */,
				C687C4A7236CB10400E83B61 /* CollideTypes.swift */,
				C68513F5237595CB00D55020 /* Status.swift */,
				C6435248242DF52B0025B179 /* Music.swift */,
			);
			path = Helpers;
			sourceTree = "<group>";
		};
		C6B3BE712378898D00791FC6 /* Forest */ = {
			isa = PBXGroup;
			children = (
				C6801B0D2366056100A3085C /* IntranceViewController.swift */,
				C6B3BE72237889AD00791FC6 /* ForestViewController.swift */,
				C6B3BE782378913000791FC6 /* SpidersForestViewController.swift */,
			);
			path = Forest;
			sourceTree = "<group>";
		};
		C6EF562F23760AB700711E0F /* Main */ = {
			isa = PBXGroup;
			children = (
				C61B0B2B2366113100CB376F /* MainViewController.swift */,
				C6EF56252375F02100711E0F /* GameOverViewController.swift */,
				C6B3BE7C237895E200791FC6 /* FinishedViewController.swift */,
			);
			path = Main;
			sourceTree = "<group>";
		};
		C6EF563023760AC400711E0F /* House */ = {
			isa = PBXGroup;
			children = (
				C6792AEE22E4D140000A34A6 /* HouseViewController.swift */,
				C6EF561F2375E5EC00711E0F /* DiningRoomViewController.swift */,
				C6EF5631237612E500711E0F /* KitchenViewController.swift */,
				C6EF563723761FE500711E0F /* HallViewController.swift */,
				C61B383D237681070004B2B1 /* HouseExitViewController.swift */,
			);
			path = House;
			sourceTree = "<group>";
		};
		F9111D9702A6BDEBE92DECF1 /* Pods */ = {
			isa = PBXGroup;
			children = (
				5E668673C78DCD9B5DA99B34 /* Pods-Zaina.debug.xcconfig */,
				BC08901EDB0FB4EC433D9E01 /* Pods-Zaina.release.xcconfig */,
			);
			path = Pods;
			sourceTree = "<group>";
		};
/* End PBXGroup section */

/* Begin PBXNativeTarget section */
		C6792AE822E4D140000A34A6 /* Zaina */ = {
			isa = PBXNativeTarget;
			buildConfigurationList = C6792AFB22E4D142000A34A6 /* Build configuration list for PBXNativeTarget "Zaina" */;
			buildPhases = (
				ABBF7E99FD1269C587D74E10 /* [CP] Check Pods Manifest.lock */,
				C6792AE522E4D140000A34A6 /* Sources */,
				C6792AE622E4D140000A34A6 /* Frameworks */,
				C6792AE722E4D140000A34A6 /* Resources */,
				AF2FB25EA60ADD4622AF0E1F /* [CP] Embed Pods Frameworks */,
			);
			buildRules = (
			);
			dependencies = (
			);
			name = Zaina;
			packageProductDependencies = (
			);
			productName = Zaina;
			productReference = C6792AE922E4D140000A34A6 /* Zaina.app */;
			productType = "com.apple.product-type.application";
		};
/* End PBXNativeTarget section */

/* Begin PBXProject section */
		C6792AE122E4D140000A34A6 /* Project object */ = {
			isa = PBXProject;
			attributes = {
				LastSwiftUpdateCheck = 1020;
				LastUpgradeCheck = 1020;
				ORGANIZATIONNAME = abedalkareem;
				TargetAttributes = {
					C6792AE822E4D140000A34A6 = {
						CreatedOnToolsVersion = 10.2.1;
					};
				};
			};
			buildConfigurationList = C6792AE422E4D140000A34A6 /* Build configuration list for PBXProject "Zaina" */;
			compatibilityVersion = "Xcode 9.3";
			developmentRegion = en;
			hasScannedForEncodings = 0;
			knownRegions = (
				en,
				Base,
			);
			mainGroup = C6792AE022E4D140000A34A6;
			packageReferences = (
			);
			productRefGroup = C6792AEA22E4D140000A34A6 /* Products */;
			projectDirPath = "";
			projectRoot = "";
			targets = (
				C6792AE822E4D140000A34A6 /* Zaina */,
			);
		};
/* End PBXProject section */

/* Begin PBXResourcesBuildPhase section */
		C6792AE722E4D140000A34A6 /* Resources */ = {
			isa = PBXResourcesBuildPhase;
			buildActionMask = 2147483647;
			files = (
				C6792AF722E4D142000A34A6 /* LaunchScreen.storyboard in Resources */,
				C6EF562E2376052E00711E0F /* House.storyboard in Resources */,
				C607126E2375DD7F00039AE6 /* darkforest.mp3 in Resources */,
				C6B3BE7723788E7400791FC6 /* you_win.wav in Resources */,
				C6EF56282375F14D00711E0F /* game_over.wav in Resources */,
				C6B3BE7623788E7400791FC6 /* about.wav in Resources */,
				C6B3BE70237887BB00791FC6 /* Forest.storyboard in Resources */,
				C68513F92375963A00D55020 /* Localizable.strings in Resources */,
				C6B3BE7B2378949D00791FC6 /* final_fight.mp3 in Resources */,
				C687C4AE236CBEEC00E83B61 /* background.wav in Resources */,
				C607126C2375DC0200039AE6 /* main_screen.mp3 in Resources */,
				C6792AF422E4D142000A34A6 /* Assets.xcassets in Resources */,
				C6EF562A2375FA7000711E0F /* piano90e.mp3 in Resources */,
				C6EF563623761E5300711E0F /* fire.wav in Resources */,
				C67BC1BE22EAECA500C7D44E /* pixel_font.ttf in Resources */,
				C6792AF222E4D140000A34A6 /* Main.storyboard in Resources */,
			);
			runOnlyForDeploymentPostprocessing = 0;
		};
/* End PBXResourcesBuildPhase section */

/* Begin PBXShellScriptBuildPhase section */
		ABBF7E99FD1269C587D74E10 /* [CP] Check Pods Manifest.lock */ = {
			isa = PBXShellScriptBuildPhase;
			buildActionMask = 2147483647;
			files = (
			);
			inputFileListPaths = (
			);
			inputPaths = (
				"${PODS_PODFILE_DIR_PATH}/Podfile.lock",
				"${PODS_ROOT}/Manifest.lock",
			);
			name = "[CP] Check Pods Manifest.lock";
			outputFileListPaths = (
			);
			outputPaths = (
				"$(DERIVED_FILE_DIR)/Pods-Zaina-checkManifestLockResult.txt",
			);
			runOnlyForDeploymentPostprocessing = 0;
			shellPath = /bin/sh;
			shellScript = "diff \"${PODS_PODFILE_DIR_PATH}/Podfile.lock\" \"${PODS_ROOT}/Manifest.lock\" > /dev/null\nif [ $? != 0 ] ; then\n    # print error to STDERR\n    echo \"error: The sandbox is not in sync with the Podfile.lock. Run 'pod install' or update your CocoaPods installation.\" >&2\n    exit 1\nfi\n# This output is used by Xcode 'outputs' to avoid re-running this script phase.\necho \"SUCCESS\" > \"${SCRIPT_OUTPUT_FILE_0}\"\n";
			showEnvVarsInLog = 0;
		};
		AF2FB25EA60ADD4622AF0E1F /* [CP] Embed Pods Frameworks */ = {
			isa = PBXShellScriptBuildPhase;
			buildActionMask = 2147483647;
			files = (
			);
			inputFileListPaths = (
				"${PODS_ROOT}/Target Support Files/Pods-Zaina/Pods-Zaina-frameworks-${CONFIGURATION}-input-files.xcfilelist",
			);
			name = "[CP] Embed Pods Frameworks";
			outputFileListPaths = (
				"${PODS_ROOT}/Target Support Files/Pods-Zaina/Pods-Zaina-frameworks-${CONFIGURATION}-output-files.xcfilelist",
			);
			runOnlyForDeploymentPostprocessing = 0;
			shellPath = /bin/sh;
			shellScript = "\"${PODS_ROOT}/Target Support Files/Pods-Zaina/Pods-Zaina-frameworks.sh\"\n";
			showEnvVarsInLog = 0;
		};
/* End PBXShellScriptBuildPhase section */

/* Begin PBXSourcesBuildPhase section */
		C6792AE522E4D140000A34A6 /* Sources */ = {
			isa = PBXSourcesBuildPhase;
			buildActionMask = 2147483647;
			files = (
				C6EF56222375EA6600711E0F /* DarkSoulSpriteView.swift in Sources */,
				C6EF563823761FE500711E0F /* HallViewController.swift in Sources */,
				C6EF562C2376008E00711E0F /* LightNodeView.swift in Sources */,
				C6EF56262375F02100711E0F /* GameOverViewController.swift in Sources */,
				C68513EF23756A0300D55020 /* OmarSpriteView.swift in Sources */,
				C687C4A6236CAC1900E83B61 /* ZainaSpriteView.swift in Sources */,
				C687C4A8236CB10400E83B61 /* CollideTypes.swift in Sources */,
				C6B3BE7D237895E200791FC6 /* FinishedViewController.swift in Sources */,
				C68513FD237596FB00D55020 /* String.swift in Sources */,
				C6792AEF22E4D140000A34A6 /* HouseViewController.swift in Sources */,
				C6B3BE792378913000791FC6 /* SpidersForestViewController.swift in Sources */,
				C6EF5632237612E500711E0F /* KitchenViewController.swift in Sources */,
				C6EF56202375E5EC00711E0F /* DiningRoomViewController.swift in Sources */,
				C68513F6237595CB00D55020 /* Status.swift in Sources */,
				C6792AED22E4D140000A34A6 /* AppDelegate.swift in Sources */,
				C61B383E237681070004B2B1 /* HouseExitViewController.swift in Sources */,
				C61B0B2C2366113100CB376F /* MainViewController.swift in Sources */,
				C6B3BE73237889AD00791FC6 /* ForestViewController.swift in Sources */,
				C6435247242DAD780025B179 /* FireSpriteView.swift in Sources */,
				C687C4AA236CB81300E83B61 /* SpiderSpriteView.swift in Sources */,
				C6B63930236CA5B000C282FC /* UIStoryboard.swift in Sources */,
				C6801B0E2366056100A3085C /* IntranceViewController.swift in Sources */,
				C6435249242DF52B0025B179 /* Music.swift in Sources */,
			);
			runOnlyForDeploymentPostprocessing = 0;
		};
/* End PBXSourcesBuildPhase section */

/* Begin PBXVariantGroup section */
		C6792AF022E4D140000A34A6 /* Main.storyboard */ = {
			isa = PBXVariantGroup;
			children = (
				C6792AF122E4D140000A34A6 /* Base */,
			);
			name = Main.storyboard;
			sourceTree = "<group>";
		};
		C6792AF522E4D142000A34A6 /* LaunchScreen.storyboard */ = {
			isa = PBXVariantGroup;
			children = (
				C6792AF622E4D142000A34A6 /* Base */,
			);
			name = LaunchScreen.storyboard;
			sourceTree = "<group>";
		};
		C68513FB2375963A00D55020 /* Localizable.strings */ = {
			isa = PBXVariantGroup;
			children = (
				C68513FA2375963A00D55020 /* en */,
			);
			name = Localizable.strings;
			sourceTree = "<group>";
		};
/* End PBXVariantGroup section */

/* Begin XCBuildConfiguration section */
		C6792AF922E4D142000A34A6 /* Debug */ = {
			isa = XCBuildConfiguration;
			buildSettings = {
				ALWAYS_SEARCH_USER_PATHS = NO;
				CLANG_ANALYZER_NONNULL = YES;
				CLANG_ANALYZER_NUMBER_OBJECT_CONVERSION = YES_AGGRESSIVE;
				CLANG_CXX_LANGUAGE_STANDARD = "gnu++14";
				CLANG_CXX_LIBRARY = "libc++";
				CLANG_ENABLE_MODULES = YES;
				CLANG_ENABLE_OBJC_ARC = YES;
				CLANG_ENABLE_OBJC_WEAK = YES;
				CLANG_WARN_BLOCK_CAPTURE_AUTORELEASING = YES;
				CLANG_WARN_BOOL_CONVERSION = YES;
				CLANG_WARN_COMMA = YES;
				CLANG_WARN_CONSTANT_CONVERSION = YES;
				CLANG_WARN_DEPRECATED_OBJC_IMPLEMENTATIONS = YES;
				CLANG_WARN_DIRECT_OBJC_ISA_USAGE = YES_ERROR;
				CLANG_WARN_DOCUMENTATION_COMMENTS = YES;
				CLANG_WARN_EMPTY_BODY = YES;
				CLANG_WARN_ENUM_CONVERSION = YES;
				CLANG_WARN_INFINITE_RECURSION = YES;
				CLANG_WARN_INT_CONVERSION = YES;
				CLANG_WARN_NON_LITERAL_NULL_CONVERSION = YES;
				CLANG_WARN_OBJC_IMPLICIT_RETAIN_SELF = YES;
				CLANG_WARN_OBJC_LITERAL_CONVERSION = YES;
				CLANG_WARN_OBJC_ROOT_CLASS = YES_ERROR;
				CLANG_WARN_RANGE_LOOP_ANALYSIS = YES;
				CLANG_WARN_STRICT_PROTOTYPES = YES;
				CLANG_WARN_SUSPICIOUS_MOVE = YES;
				CLANG_WARN_UNGUARDED_AVAILABILITY = YES_AGGRESSIVE;
				CLANG_WARN_UNREACHABLE_CODE = YES;
				CLANG_WARN__DUPLICATE_METHOD_MATCH = YES;
				CODE_SIGN_IDENTITY = "iPhone Developer";
				COPY_PHASE_STRIP = NO;
				DEBUG_INFORMATION_FORMAT = dwarf;
				ENABLE_STRICT_OBJC_MSGSEND = YES;
				ENABLE_TESTABILITY = YES;
				GCC_C_LANGUAGE_STANDARD = gnu11;
				GCC_DYNAMIC_NO_PIC = NO;
				GCC_NO_COMMON_BLOCKS = YES;
				GCC_OPTIMIZATION_LEVEL = 0;
				GCC_PREPROCESSOR_DEFINITIONS = (
					"DEBUG=1",
					"$(inherited)",
				);
				GCC_WARN_64_TO_32_BIT_CONVERSION = YES;
				GCC_WARN_ABOUT_RETURN_TYPE = YES_ERROR;
				GCC_WARN_UNDECLARED_SELECTOR = YES;
				GCC_WARN_UNINITIALIZED_AUTOS = YES_AGGRESSIVE;
				GCC_WARN_UNUSED_FUNCTION = YES;
				GCC_WARN_UNUSED_VARIABLE = YES;
				IPHONEOS_DEPLOYMENT_TARGET = 12.2;
				MTL_ENABLE_DEBUG_INFO = INCLUDE_SOURCE;
				MTL_FAST_MATH = YES;
				ONLY_ACTIVE_ARCH = YES;
				SDKROOT = iphoneos;
				SWIFT_ACTIVE_COMPILATION_CONDITIONS = DEBUG;
				SWIFT_OPTIMIZATION_LEVEL = "-Onone";
			};
			name = Debug;
		};
		C6792AFA22E4D142000A34A6 /* Release */ = {
			isa = XCBuildConfiguration;
			buildSettings = {
				ALWAYS_SEARCH_USER_PATHS = NO;
				CLANG_ANALYZER_NONNULL = YES;
				CLANG_ANALYZER_NUMBER_OBJECT_CONVERSION = YES_AGGRESSIVE;
				CLANG_CXX_LANGUAGE_STANDARD = "gnu++14";
				CLANG_CXX_LIBRARY = "libc++";
				CLANG_ENABLE_MODULES = YES;
				CLANG_ENABLE_OBJC_ARC = YES;
				CLANG_ENABLE_OBJC_WEAK = YES;
				CLANG_WARN_BLOCK_CAPTURE_AUTORELEASING = YES;
				CLANG_WARN_BOOL_CONVERSION = YES;
				CLANG_WARN_COMMA = YES;
				CLANG_WARN_CONSTANT_CONVERSION = YES;
				CLANG_WARN_DEPRECATED_OBJC_IMPLEMENTATIONS = YES;
				CLANG_WARN_DIRECT_OBJC_ISA_USAGE = YES_ERROR;
				CLANG_WARN_DOCUMENTATION_COMMENTS = YES;
				CLANG_WARN_EMPTY_BODY = YES;
				CLANG_WARN_ENUM_CONVERSION = YES;
				CLANG_WARN_INFINITE_RECURSION = YES;
				CLANG_WARN_INT_CONVERSION = YES;
				CLANG_WARN_NON_LITERAL_NULL_CONVERSION = YES;
				CLANG_WARN_OBJC_IMPLICIT_RETAIN_SELF = YES;
				CLANG_WARN_OBJC_LITERAL_CONVERSION = YES;
				CLANG_WARN_OBJC_ROOT_CLASS = YES_ERROR;
				CLANG_WARN_RANGE_LOOP_ANALYSIS = YES;
				CLANG_WARN_STRICT_PROTOTYPES = YES;
				CLANG_WARN_SUSPICIOUS_MOVE = YES;
				CLANG_WARN_UNGUARDED_AVAILABILITY = YES_AGGRESSIVE;
				CLANG_WARN_UNREACHABLE_CODE = YES;
				CLANG_WARN__DUPLICATE_METHOD_MATCH = YES;
				CODE_SIGN_IDENTITY = "iPhone Developer";
				COPY_PHASE_STRIP = NO;
				DEBUG_INFORMATION_FORMAT = "dwarf-with-dsym";
				ENABLE_NS_ASSERTIONS = NO;
				ENABLE_STRICT_OBJC_MSGSEND = YES;
				GCC_C_LANGUAGE_STANDARD = gnu11;
				GCC_NO_COMMON_BLOCKS = YES;
				GCC_WARN_64_TO_32_BIT_CONVERSION = YES;
				GCC_WARN_ABOUT_RETURN_TYPE = YES_ERROR;
				GCC_WARN_UNDECLARED_SELECTOR = YES;
				GCC_WARN_UNINITIALIZED_AUTOS = YES_AGGRESSIVE;
				GCC_WARN_UNUSED_FUNCTION = YES;
				GCC_WARN_UNUSED_VARIABLE = YES;
				IPHONEOS_DEPLOYMENT_TARGET = 12.2;
				MTL_ENABLE_DEBUG_INFO = NO;
				MTL_FAST_MATH = YES;
				SDKROOT = iphoneos;
				SWIFT_COMPILATION_MODE = wholemodule;
				SWIFT_OPTIMIZATION_LEVEL = "-O";
				VALIDATE_PRODUCT = YES;
			};
			name = Release;
		};
		C6792AFC22E4D142000A34A6 /* Debug */ = {
			isa = XCBuildConfiguration;
			baseConfigurationReference = 5E668673C78DCD9B5DA99B34 /* Pods-Zaina.debug.xcconfig */;
			buildSettings = {
				ASSETCATALOG_COMPILER_APPICON_NAME = AppIcon;
				CODE_SIGN_ENTITLEMENTS = Zaina/Zaina.entitlements;
				CODE_SIGN_IDENTITY = "Apple Development";
				CODE_SIGN_STYLE = Automatic;
				DEVELOPMENT_TEAM = H3MRF55H66;
				INFOPLIST_FILE = "$(SRCROOT)/Zaina/SupportFiles/Info.plist";
				LD_RUNPATH_SEARCH_PATHS = (
					"$(inherited)",
					"@executable_path/Frameworks",
				);
				MARKETING_VERSION = 1.1;
				PRODUCT_BUNDLE_IDENTIFIER = abedalkareem.Zaina;
				PRODUCT_NAME = "$(TARGET_NAME)";
				PROVISIONING_PROFILE_SPECIFIER = "";
				SUPPORTS_MACCATALYST = NO;
				SWIFT_VERSION = 5.0;
				TARGETED_DEVICE_FAMILY = 1;
			};
			name = Debug;
		};
		C6792AFD22E4D142000A34A6 /* Release */ = {
			isa = XCBuildConfiguration;
			baseConfigurationReference = BC08901EDB0FB4EC433D9E01 /* Pods-Zaina.release.xcconfig */;
			buildSettings = {
				ASSETCATALOG_COMPILER_APPICON_NAME = AppIcon;
				CODE_SIGN_ENTITLEMENTS = Zaina/Zaina.entitlements;
				CODE_SIGN_IDENTITY = "Apple Development";
				CODE_SIGN_STYLE = Automatic;
				DEVELOPMENT_TEAM = H3MRF55H66;
				INFOPLIST_FILE = "$(SRCROOT)/Zaina/SupportFiles/Info.plist";
				LD_RUNPATH_SEARCH_PATHS = (
					"$(inherited)",
					"@executable_path/Frameworks",
				);
				MARKETING_VERSION = 1.1;
				PRODUCT_BUNDLE_IDENTIFIER = abedalkareem.Zaina;
				PRODUCT_NAME = "$(TARGET_NAME)";
				PROVISIONING_PROFILE_SPECIFIER = "";
				SUPPORTS_MACCATALYST = NO;
				SWIFT_VERSION = 5.0;
				TARGETED_DEVICE_FAMILY = 1;
			};
			name = Release;
		};
/* End XCBuildConfiguration section */

/* Begin XCConfigurationList section */
		C6792AE422E4D140000A34A6 /* Build configuration list for PBXProject "Zaina" */ = {
			isa = XCConfigurationList;
			buildConfigurations = (
				C6792AF922E4D142000A34A6 /* Debug */,
				C6792AFA22E4D142000A34A6 /* Release */,
			);
			defaultConfigurationIsVisible = 0;
			defaultConfigurationName = Release;
		};
		C6792AFB22E4D142000A34A6 /* Build configuration list for PBXNativeTarget "Zaina" */ = {
			isa = XCConfigurationList;
			buildConfigurations = (
				C6792AFC22E4D142000A34A6 /* Debug */,
				C6792AFD22E4D142000A34A6 /* Release */,
			);
			defaultConfigurationIsVisible = 0;
			defaultConfigurationName = Release;
		};
/* End XCConfigurationList section */
	};
	rootObject = C6792AE122E4D140000A34A6 /* Project object */;
}
