// !$*UTF8*$!
{
	archiveVersion = 1;
	classes = {
	};
	objectVersion = 50;
	objects = {

/* Begin PBXBuildFile section */
		C607126C2375DC0200039AE6 /* main_screen.mp3 in Resources */ = {isa = PBXBuildFile; fileRef = C607126B2375DC0200039AE6 /* main_screen.mp3 */; };
		C607126E2375DD7F00039AE6 /* darkforest.mp3 in Resources */ = {isa = PBXBuildFile; fileRef = C607126D2375DD7F00039AE6 /* darkforest.mp3 */; };
		C61B0B2C2366113100CB376F /* MainViewController.swift in Sources */ = {isa = PBXBuildFile; fileRef = C61B0B2B2366113100CB376F /* MainViewController.swift */; };
		C61B383E237681070004B2B1 /* HouseExitViewController.swift in Sources */ = {isa = PBXBuildFile; fileRef = C61B383D237681070004B2B1 /* HouseExitViewController.swift */; };
		C6792AED22E4D140000A34A6 /* AppDelegate.swift in Sources */ = {isa = PBXBuildFile; fileRef = C6792AEC22E4D140000A34A6 /* AppDelegate.swift */; };
		C6792AEF22E4D140000A34A6 /* HouseViewController.swift in Sources */ = {isa = PBXBuildFile; fileRef = C6792AEE22E4D140000A34A6 /* HouseViewController.swift */; };
		C6792AF222E4D140000A34A6 /* Main.storyboard in Resources */ = {isa = PBXBuildFile; fileRef = C6792AF022E4D140000A34A6 /* Main.storyboard */; };
		C6792AF422E4D142000A34A6 /* Assets.xcassets in Resources */ = {isa = PBXBuildFile; fileRef = C6792AF322E4D142000A34A6 /* Assets.xcassets */; };
		C6792AF722E4D142000A34A6 /* LaunchScreen.storyboard in Resources */ = {isa = PBXBuildFile; fileRef = C6792AF522E4D142000A34A6 /* LaunchScreen.storyboard */; };
		C6792B0522E4D1F5000A34A6 /* BaseGameViewController.swift in Sources */ = {isa = PBXBuildFile; fileRef = C6792B0422E4D1F5000A34A6 /* BaseGameViewController.swift */; };
		C6792B0822E4D385000A34A6 /* SpriteView.swift in Sources */ = {isa = PBXBuildFile; fileRef = C6792B0722E4D385000A34A6 /* SpriteView.swift */; };
		C6792B0A22E4D3FB000A34A6 /* ObjectView.swift in Sources */ = {isa = PBXBuildFile; fileRef = C6792B0922E4D3FB000A34A6 /* ObjectView.swift */; };
		C6792B1422E5EF43000A34A6 /* AnalogView.swift in Sources */ = {isa = PBXBuildFile; fileRef = C6792B1322E5EF43000A34A6 /* AnalogView.swift */; };
		C67BC1B322EAC86E00C7D44E /* BackgroundView.swift in Sources */ = {isa = PBXBuildFile; fileRef = C67BC1B222EAC86E00C7D44E /* BackgroundView.swift */; };
		C67BC1B522EAD78500C7D44E /* Direction.swift in Sources */ = {isa = PBXBuildFile; fileRef = C67BC1B422EAD78500C7D44E /* Direction.swift */; };
		C67BC1B722EAD79C00C7D44E /* Analog.swift in Sources */ = {isa = PBXBuildFile; fileRef = C67BC1B622EAD79C00C7D44E /* Analog.swift */; };
		C67BC1BA22EAD9AD00C7D44E /* Frames.swift in Sources */ = {isa = PBXBuildFile; fileRef = C67BC1B922EAD9AD00C7D44E /* Frames.swift */; };
		C67BC1BC22EAE91E00C7D44E /* NodeView.swift in Sources */ = {isa = PBXBuildFile; fileRef = C67BC1BB22EAE91E00C7D44E /* NodeView.swift */; };
		C67BC1BE22EAECA500C7D44E /* pixel_font.ttf in Resources */ = {isa = PBXBuildFile; fileRef = C67BC1BD22EAECA200C7D44E /* pixel_font.ttf */; };
		C6801B0C2366028700A3085C /* SplashViewController.swift in Sources */ = {isa = PBXBuildFile; fileRef = C6801B0B2366028700A3085C /* SplashViewController.swift */; };
		C6801B0E2366056100A3085C /* IntranceViewController.swift in Sources */ = {isa = PBXBuildFile; fileRef = C6801B0D2366056100A3085C /* IntranceViewController.swift */; };
		C6801B10236606F800A3085C /* SceneView.swift in Sources */ = {isa = PBXBuildFile; fileRef = C6801B0F236606F800A3085C /* SceneView.swift */; };
		C68513EF23756A0300D55020 /* OmarSpriteView.swift in Sources */ = {isa = PBXBuildFile; fileRef = C68513EE23756A0300D55020 /* OmarSpriteView.swift */; };
		C68513F223756C2500D55020 /* DialogView.swift in Sources */ = {isa = PBXBuildFile; fileRef = C68513F123756C2500D55020 /* DialogView.swift */; };
		C68513F6237595CB00D55020 /* Status.swift in Sources */ = {isa = PBXBuildFile; fileRef = C68513F5237595CB00D55020 /* Status.swift */; };
		C68513F92375963A00D55020 /* Localizable.strings in Resources */ = {isa = PBXBuildFile; fileRef = C68513FB2375963A00D55020 /* Localizable.strings */; };
		C68513FD237596FB00D55020 /* String+Helpers.swift in Sources */ = {isa = PBXBuildFile; fileRef = C68513FC237596FB00D55020 /* String+Helpers.swift */; };
		C687C4A6236CAC1900E83B61 /* ZainaSpriteView.swift in Sources */ = {isa = PBXBuildFile; fileRef = C687C4A5236CAC1900E83B61 /* ZainaSpriteView.swift */; };
		C687C4A8236CB10400E83B61 /* CollideTypes.swift in Sources */ = {isa = PBXBuildFile; fileRef = C687C4A7236CB10400E83B61 /* CollideTypes.swift */; };
		C687C4AA236CB81300E83B61 /* SpiderSpriteView.swift in Sources */ = {isa = PBXBuildFile; fileRef = C687C4A9236CB81300E83B61 /* SpiderSpriteView.swift */; };
		C687C4AE236CBEEC00E83B61 /* background.wav in Resources */ = {isa = PBXBuildFile; fileRef = C687C4AD236CBEEC00E83B61 /* background.wav */; };
		C687C4B0236CC7D500E83B61 /* MusicPlayer.swift in Sources */ = {isa = PBXBuildFile; fileRef = C687C4AF236CC7D500E83B61 /* MusicPlayer.swift */; };
		C6B6392D236CA52D00C282FC /* UIViewController.swift in Sources */ = {isa = PBXBuildFile; fileRef = C6B6392C236CA52D00C282FC /* UIViewController.swift */; };
		C6B63930236CA5B000C282FC /* UIStoryboard.swift in Sources */ = {isa = PBXBuildFile; fileRef = C6B6392F236CA5B000C282FC /* UIStoryboard.swift */; };
		C6EF56202375E5EC00711E0F /* DiningRoomViewController.swift in Sources */ = {isa = PBXBuildFile; fileRef = C6EF561F2375E5EC00711E0F /* DiningRoomViewController.swift */; };
		C6EF56222375EA6600711E0F /* DarkSoulSpriteView.swift in Sources */ = {isa = PBXBuildFile; fileRef = C6EF56212375EA6600711E0F /* DarkSoulSpriteView.swift */; };
		C6EF56262375F02100711E0F /* GameOverViewController.swift in Sources */ = {isa = PBXBuildFile; fileRef = C6EF56252375F02100711E0F /* GameOverViewController.swift */; };
		C6EF56282375F14D00711E0F /* game_over.wav in Resources */ = {isa = PBXBuildFile; fileRef = C6EF56272375F14D00711E0F /* game_over.wav */; };
		C6EF562A2375FA7000711E0F /* piano90e.mp3 in Resources */ = {isa = PBXBuildFile; fileRef = C6EF56292375FA7000711E0F /* piano90e.mp3 */; };
		C6EF562C2376008E00711E0F /* LightNodeView.swift in Sources */ = {isa = PBXBuildFile; fileRef = C6EF562B2376008E00711E0F /* LightNodeView.swift */; };
		C6EF562E2376052E00711E0F /* House.storyboard in Resources */ = {isa = PBXBuildFile; fileRef = C6EF562D2376052E00711E0F /* House.storyboard */; };
		C6EF5632237612E500711E0F /* KitchenViewController.swift in Sources */ = {isa = PBXBuildFile; fileRef = C6EF5631237612E500711E0F /* KitchenViewController.swift */; };
		C6EF563623761E5300711E0F /* fire.wav in Resources */ = {isa = PBXBuildFile; fileRef = C6EF563523761E5300711E0F /* fire.wav */; };
		C6EF563823761FE500711E0F /* HallViewController.swift in Sources */ = {isa = PBXBuildFile; fileRef = C6EF563723761FE500711E0F /* HallViewController.swift */; };
/* End PBXBuildFile section */

/* Begin PBXFileReference section */
		C607126B2375DC0200039AE6 /* main_screen.mp3 */ = {isa = PBXFileReference; lastKnownFileType = audio.mp3; path = main_screen.mp3; sourceTree = "<group>"; };
		C607126D2375DD7F00039AE6 /* darkforest.mp3 */ = {isa = PBXFileReference; lastKnownFileType = audio.mp3; path = darkforest.mp3; sourceTree = "<group>"; };
		C61B0B2B2366113100CB376F /* MainViewController.swift */ = {isa = PBXFileReference; lastKnownFileType = sourcecode.swift; path = MainViewController.swift; sourceTree = "<group>"; };
		C61B383D237681070004B2B1 /* HouseExitViewController.swift */ = {isa = PBXFileReference; lastKnownFileType = sourcecode.swift; path = HouseExitViewController.swift; sourceTree = "<group>"; };
		C6792AE922E4D140000A34A6 /* Zaina.app */ = {isa = PBXFileReference; explicitFileType = wrapper.application; includeInIndex = 0; path = Zaina.app; sourceTree = BUILT_PRODUCTS_DIR; };
		C6792AEC22E4D140000A34A6 /* AppDelegate.swift */ = {isa = PBXFileReference; lastKnownFileType = sourcecode.swift; path = AppDelegate.swift; sourceTree = "<group>"; };
		C6792AEE22E4D140000A34A6 /* HouseViewController.swift */ = {isa = PBXFileReference; lastKnownFileType = sourcecode.swift; path = HouseViewController.swift; sourceTree = "<group>"; };
		C6792AF122E4D140000A34A6 /* Base */ = {isa = PBXFileReference; lastKnownFileType = file.storyboard; name = Base; path = Base.lproj/Main.storyboard; sourceTree = "<group>"; };
		C6792AF322E4D142000A34A6 /* Assets.xcassets */ = {isa = PBXFileReference; lastKnownFileType = folder.assetcatalog; path = Assets.xcassets; sourceTree = "<group>"; };
		C6792AF622E4D142000A34A6 /* Base */ = {isa = PBXFileReference; lastKnownFileType = file.storyboard; name = Base; path = Base.lproj/LaunchScreen.storyboard; sourceTree = "<group>"; };
		C6792AF822E4D142000A34A6 /* Info.plist */ = {isa = PBXFileReference; lastKnownFileType = text.plist.xml; path = Info.plist; sourceTree = "<group>"; };
		C6792B0422E4D1F5000A34A6 /* BaseGameViewController.swift */ = {isa = PBXFileReference; lastKnownFileType = sourcecode.swift; path = BaseGameViewController.swift; sourceTree = "<group>"; };
		C6792B0722E4D385000A34A6 /* SpriteView.swift */ = {isa = PBXFileReference; lastKnownFileType = sourcecode.swift; path = SpriteView.swift; sourceTree = "<group>"; };
		C6792B0922E4D3FB000A34A6 /* ObjectView.swift */ = {isa = PBXFileReference; lastKnownFileType = sourcecode.swift; path = ObjectView.swift; sourceTree = "<group>"; };
		C6792B1322E5EF43000A34A6 /* AnalogView.swift */ = {isa = PBXFileReference; lastKnownFileType = sourcecode.swift; path = AnalogView.swift; sourceTree = "<group>"; };
		C67BC1B222EAC86E00C7D44E /* BackgroundView.swift */ = {isa = PBXFileReference; lastKnownFileType = sourcecode.swift; path = BackgroundView.swift; sourceTree = "<group>"; };
		C67BC1B422EAD78500C7D44E /* Direction.swift */ = {isa = PBXFileReference; lastKnownFileType = sourcecode.swift; path = Direction.swift; sourceTree = "<group>"; };
		C67BC1B622EAD79C00C7D44E /* Analog.swift */ = {isa = PBXFileReference; lastKnownFileType = sourcecode.swift; path = Analog.swift; sourceTree = "<group>"; };
		C67BC1B922EAD9AD00C7D44E /* Frames.swift */ = {isa = PBXFileReference; lastKnownFileType = sourcecode.swift; path = Frames.swift; sourceTree = "<group>"; };
		C67BC1BB22EAE91E00C7D44E /* NodeView.swift */ = {isa = PBXFileReference; lastKnownFileType = sourcecode.swift; path = NodeView.swift; sourceTree = "<group>"; };
		C67BC1BD22EAECA200C7D44E /* pixel_font.ttf */ = {isa = PBXFileReference; lastKnownFileType = file; path = pixel_font.ttf; sourceTree = "<group>"; };
		C6801B0B2366028700A3085C /* SplashViewController.swift */ = {isa = PBXFileReference; lastKnownFileType = sourcecode.swift; path = SplashViewController.swift; sourceTree = "<group>"; };
		C6801B0D2366056100A3085C /* IntranceViewController.swift */ = {isa = PBXFileReference; lastKnownFileType = sourcecode.swift; path = IntranceViewController.swift; sourceTree = "<group>"; };
		C6801B0F236606F800A3085C /* SceneView.swift */ = {isa = PBXFileReference; lastKnownFileType = sourcecode.swift; path = SceneView.swift; sourceTree = "<group>"; };
		C68513EE23756A0300D55020 /* OmarSpriteView.swift */ = {isa = PBXFileReference; lastKnownFileType = sourcecode.swift; path = OmarSpriteView.swift; sourceTree = "<group>"; };
		C68513F123756C2500D55020 /* DialogView.swift */ = {isa = PBXFileReference; lastKnownFileType = sourcecode.swift; path = DialogView.swift; sourceTree = "<group>"; };
		C68513F5237595CB00D55020 /* Status.swift */ = {isa = PBXFileReference; lastKnownFileType = sourcecode.swift; path = Status.swift; sourceTree = "<group>"; };
		C68513FA2375963A00D55020 /* en */ = {isa = PBXFileReference; lastKnownFileType = text.plist.strings; name = en; path = en.lproj/Localizable.strings; sourceTree = "<group>"; };
		C68513FC237596FB00D55020 /* String+Helpers.swift */ = {isa = PBXFileReference; lastKnownFileType = sourcecode.swift; path = "String+Helpers.swift"; sourceTree = "<group>"; };
		C687C4A5236CAC1900E83B61 /* ZainaSpriteView.swift */ = {isa = PBXFileReference; lastKnownFileType = sourcecode.swift; path = ZainaSpriteView.swift; sourceTree = "<group>"; };
		C687C4A7236CB10400E83B61 /* CollideTypes.swift */ = {isa = PBXFileReference; lastKnownFileType = sourcecode.swift; path = CollideTypes.swift; sourceTree = "<group>"; };
		C687C4A9236CB81300E83B61 /* SpiderSpriteView.swift */ = {isa = PBXFileReference; lastKnownFileType = sourcecode.swift; path = SpiderSpriteView.swift; sourceTree = "<group>"; };
		C687C4AD236CBEEC00E83B61 /* background.wav */ = {isa = PBXFileReference; lastKnownFileType = audio.wav; path = background.wav; sourceTree = "<group>"; };
		C687C4AF236CC7D500E83B61 /* MusicPlayer.swift */ = {isa = PBXFileReference; fileEncoding = 4; lastKnownFileType = sourcecode.swift; path = MusicPlayer.swift; sourceTree = "<group>"; };
		C6B6392C236CA52D00C282FC /* UIViewController.swift */ = {isa = PBXFileReference; lastKnownFileType = sourcecode.swift; path = UIViewController.swift; sourceTree = "<group>"; };
		C6B6392F236CA5B000C282FC /* UIStoryboard.swift */ = {isa = PBXFileReference; lastKnownFileType = sourcecode.swift; path = UIStoryboard.swift; sourceTree = "<group>"; };
		C6EF561F2375E5EC00711E0F /* DiningRoomViewController.swift */ = {isa = PBXFileReference; lastKnownFileType = sourcecode.swift; path = DiningRoomViewController.swift; sourceTree = "<group>"; };
		C6EF56212375EA6600711E0F /* DarkSoulSpriteView.swift */ = {isa = PBXFileReference; lastKnownFileType = sourcecode.swift; path = DarkSoulSpriteView.swift; sourceTree = "<group>"; };
		C6EF56252375F02100711E0F /* GameOverViewController.swift */ = {isa = PBXFileReference; lastKnownFileType = sourcecode.swift; path = GameOverViewController.swift; sourceTree = "<group>"; };
		C6EF56272375F14D00711E0F /* game_over.wav */ = {isa = PBXFileReference; lastKnownFileType = audio.wav; path = game_over.wav; sourceTree = "<group>"; };
		C6EF56292375FA7000711E0F /* piano90e.mp3 */ = {isa = PBXFileReference; lastKnownFileType = audio.mp3; path = piano90e.mp3; sourceTree = "<group>"; };
		C6EF562B2376008E00711E0F /* LightNodeView.swift */ = {isa = PBXFileReference; lastKnownFileType = sourcecode.swift; path = LightNodeView.swift; sourceTree = "<group>"; };
		C6EF562D2376052E00711E0F /* House.storyboard */ = {isa = PBXFileReference; lastKnownFileType = file.storyboard; path = House.storyboard; sourceTree = "<group>"; };
		C6EF5631237612E500711E0F /* KitchenViewController.swift */ = {isa = PBXFileReference; lastKnownFileType = sourcecode.swift; path = KitchenViewController.swift; sourceTree = "<group>"; };
		C6EF563523761E5300711E0F /* fire.wav */ = {isa = PBXFileReference; lastKnownFileType = audio.wav; path = fire.wav; sourceTree = "<group>"; };
		C6EF563723761FE500711E0F /* HallViewController.swift */ = {isa = PBXFileReference; lastKnownFileType = sourcecode.swift; path = HallViewController.swift; sourceTree = "<group>"; };
/* End PBXFileReference section */

/* Begin PBXFrameworksBuildPhase section */
		C6792AE622E4D140000A34A6 /* Frameworks */ = {
			isa = PBXFrameworksBuildPhase;
			buildActionMask = 2147483647;
			files = (
			);
			runOnlyForDeploymentPostprocessing = 0;
		};
/* End PBXFrameworksBuildPhase section */

/* Begin PBXGroup section */
		C6792AE022E4D140000A34A6 = {
			isa = PBXGroup;
			children = (
				C6792AEB22E4D140000A34A6 /* Zaina */,
				C6792AEA22E4D140000A34A6 /* Products */,
			);
			sourceTree = "<group>";
		};
		C6792AEA22E4D140000A34A6 /* Products */ = {
			isa = PBXGroup;
			children = (
				C6792AE922E4D140000A34A6 /* Zaina.app */,
			);
			name = Products;
			sourceTree = "<group>";
		};
		C6792AEB22E4D140000A34A6 /* Zaina */ = {
			isa = PBXGroup;
			children = (
				C6792AFF22E4D154000A34A6 /* AppDelegate */,
				C687C4A4236CABF300E83B61 /* Sprites */,
				C6792AFE22E4D149000A34A6 /* ViewControllers */,
				C6792B0122E4D161000A34A6 /* Storyboards */,
				C6792B0222E4D1A0000A34A6 /* Resources */,
				C687C4B1236CCB0900E83B61 /* Helpers */,
				C6801B0A2366025B00A3085C /* Classes */,
				C6792B0322E4D1A8000A34A6 /* SupportFiles */,
			);
			path = Zaina;
			sourceTree = "<group>";
		};
		C6792AFE22E4D149000A34A6 /* ViewControllers */ = {
			isa = PBXGroup;
			children = (
				C6EF562F23760AB700711E0F /* Main */,
				C6EF563023760AC400711E0F /* House */,
				C6801B0D2366056100A3085C /* IntranceViewController.swift */,
			);
			path = ViewControllers;
			sourceTree = "<group>";
		};
		C6792AFF22E4D154000A34A6 /* AppDelegate */ = {
			isa = PBXGroup;
			children = (
				C6792AEC22E4D140000A34A6 /* AppDelegate.swift */,
			);
			path = AppDelegate;
			sourceTree = "<group>";
		};
		C6792B0022E4D15A000A34A6 /* Views */ = {
			isa = PBXGroup;
			children = (
				C68513F023756C1000D55020 /* DialogView */,
				C6792B1222E5EF23000A34A6 /* AnalogView */,
				C6792B0622E4D34D000A34A6 /* Objects */,
			);
			path = Views;
			sourceTree = "<group>";
		};
		C6792B0122E4D161000A34A6 /* Storyboards */ = {
			isa = PBXGroup;
			children = (
				C6792AF022E4D140000A34A6 /* Main.storyboard */,
				C6EF562D2376052E00711E0F /* House.storyboard */,
				C6792AF522E4D142000A34A6 /* LaunchScreen.storyboard */,
			);
			path = Storyboards;
			sourceTree = "<group>";
		};
		C6792B0222E4D1A0000A34A6 /* Resources */ = {
			isa = PBXGroup;
			children = (
				C687C4AC236CBED600E83B61 /* music */,
				C687C4AB236CBED200E83B61 /* fonts */,
				C6792AF322E4D142000A34A6 /* Assets.xcassets */,
			);
			path = Resources;
			sourceTree = "<group>";
		};
		C6792B0322E4D1A8000A34A6 /* SupportFiles */ = {
			isa = PBXGroup;
			children = (
				C6792AF822E4D142000A34A6 /* Info.plist */,
				C68513FB2375963A00D55020 /* Localizable.strings */,
			);
			path = SupportFiles;
			sourceTree = "<group>";
		};
		C6792B0622E4D34D000A34A6 /* Objects */ = {
			isa = PBXGroup;
			children = (
				C6792B0922E4D3FB000A34A6 /* ObjectView.swift */,
				C67BC1B822EAD9A100C7D44E /* SpriteView */,
				C67BC1B222EAC86E00C7D44E /* BackgroundView.swift */,
				C67BC1BB22EAE91E00C7D44E /* NodeView.swift */,
				C6801B0F236606F800A3085C /* SceneView.swift */,
			);
			path = Objects;
			sourceTree = "<group>";
		};
		C6792B1222E5EF23000A34A6 /* AnalogView */ = {
			isa = PBXGroup;
			children = (
				C6792B1322E5EF43000A34A6 /* AnalogView.swift */,
				C67BC1B422EAD78500C7D44E /* Direction.swift */,
				C67BC1B622EAD79C00C7D44E /* Analog.swift */,
			);
			path = AnalogView;
			sourceTree = "<group>";
		};
		C67BC1B822EAD9A100C7D44E /* SpriteView */ = {
			isa = PBXGroup;
			children = (
				C6792B0722E4D385000A34A6 /* SpriteView.swift */,
				C67BC1B922EAD9AD00C7D44E /* Frames.swift */,
			);
			path = SpriteView;
			sourceTree = "<group>";
		};
		C6801B0A2366025B00A3085C /* Classes */ = {
			isa = PBXGroup;
			children = (
				C6792B0422E4D1F5000A34A6 /* BaseGameViewController.swift */,
				C6792B0022E4D15A000A34A6 /* Views */,
				C6B6392E236CA56C00C282FC /* Extensions */,
			);
			path = Classes;
			sourceTree = "<group>";
		};
		C68513F023756C1000D55020 /* DialogView */ = {
			isa = PBXGroup;
			children = (
				C68513F123756C2500D55020 /* DialogView.swift */,
			);
			path = DialogView;
			sourceTree = "<group>";
		};
		C68513FE2375AB5C00D55020 /* Extensions */ = {
			isa = PBXGroup;
			children = (
				C68513FC237596FB00D55020 /* String+Helpers.swift */,
			);
			path = Extensions;
			sourceTree = "<group>";
		};
		C687C4A4236CABF300E83B61 /* Sprites */ = {
			isa = PBXGroup;
			children = (
				C687C4A5236CAC1900E83B61 /* ZainaSpriteView.swift */,
				C687C4A9236CB81300E83B61 /* SpiderSpriteView.swift */,
				C68513EE23756A0300D55020 /* OmarSpriteView.swift */,
				C6EF56212375EA6600711E0F /* DarkSoulSpriteView.swift */,
				C6EF562B2376008E00711E0F /* LightNodeView.swift */,
			);
			path = Sprites;
			sourceTree = "<group>";
		};
		C687C4AB236CBED200E83B61 /* fonts */ = {
			isa = PBXGroup;
			children = (
				C67BC1BD22EAECA200C7D44E /* pixel_font.ttf */,
			);
			path = fonts;
			sourceTree = "<group>";
		};
		C687C4AC236CBED600E83B61 /* music */ = {
			isa = PBXGroup;
			children = (
				C607126D2375DD7F00039AE6 /* darkforest.mp3 */,
				C607126B2375DC0200039AE6 /* main_screen.mp3 */,
				C6EF56292375FA7000711E0F /* piano90e.mp3 */,
				C6EF563523761E5300711E0F /* fire.wav */,
				C6EF56272375F14D00711E0F /* game_over.wav */,
				C687C4AD236CBEEC00E83B61 /* background.wav */,
			);
			path = music;
			sourceTree = "<group>";
		};
		C687C4B1236CCB0900E83B61 /* Helpers */ = {
			isa = PBXGroup;
			children = (
				C68513FE2375AB5C00D55020 /* Extensions */,
				C687C4A7236CB10400E83B61 /* CollideTypes.swift */,
				C687C4AF236CC7D500E83B61 /* MusicPlayer.swift */,
				C68513F5237595CB00D55020 /* Status.swift */,
			);
			path = Helpers;
			sourceTree = "<group>";
		};
		C6B6392E236CA56C00C282FC /* Extensions */ = {
			isa = PBXGroup;
			children = (
				C6B6392C236CA52D00C282FC /* UIViewController.swift */,
				C6B6392F236CA5B000C282FC /* UIStoryboard.swift */,
			);
			path = Extensions;
			sourceTree = "<group>";
		};
		C6EF562F23760AB700711E0F /* Main */ = {
			isa = PBXGroup;
			children = (
				C6801B0B2366028700A3085C /* SplashViewController.swift */,
				C61B0B2B2366113100CB376F /* MainViewController.swift */,
				C6EF56252375F02100711E0F /* GameOverViewController.swift */,
			);
			path = Main;
			sourceTree = "<group>";
		};
		C6EF563023760AC400711E0F /* House */ = {
			isa = PBXGroup;
			children = (
				C6792AEE22E4D140000A34A6 /* HouseViewController.swift */,
				C6EF561F2375E5EC00711E0F /* DiningRoomViewController.swift */,
				C6EF5631237612E500711E0F /* KitchenViewController.swift */,
				C6EF563723761FE500711E0F /* HallViewController.swift */,
				C61B383D237681070004B2B1 /* HouseExitViewController.swift */,
			);
			path = House;
			sourceTree = "<group>";
		};
/* End PBXGroup section */

/* Begin PBXNativeTarget section */
		C6792AE822E4D140000A34A6 /* Zaina */ = {
			isa = PBXNativeTarget;
			buildConfigurationList = C6792AFB22E4D142000A34A6 /* Build configuration list for PBXNativeTarget "Zaina" */;
			buildPhases = (
				C6792AE522E4D140000A34A6 /* Sources */,
				C6792AE622E4D140000A34A6 /* Frameworks */,
				C6792AE722E4D140000A34A6 /* Resources */,
			);
			buildRules = (
			);
			dependencies = (
			);
			name = Zaina;
			productName = Zaina;
			productReference = C6792AE922E4D140000A34A6 /* Zaina.app */;
			productType = "com.apple.product-type.application";
		};
/* End PBXNativeTarget section */

/* Begin PBXProject section */
		C6792AE122E4D140000A34A6 /* Project object */ = {
			isa = PBXProject;
			attributes = {
				LastSwiftUpdateCheck = 1020;
				LastUpgradeCheck = 1020;
				ORGANIZATIONNAME = abedalkareem;
				TargetAttributes = {
					C6792AE822E4D140000A34A6 = {
						CreatedOnToolsVersion = 10.2.1;
					};
				};
			};
			buildConfigurationList = C6792AE422E4D140000A34A6 /* Build configuration list for PBXProject "Zaina" */;
			compatibilityVersion = "Xcode 9.3";
			developmentRegion = en;
			hasScannedForEncodings = 0;
			knownRegions = (
				en,
				Base,
			);
			mainGroup = C6792AE022E4D140000A34A6;
			productRefGroup = C6792AEA22E4D140000A34A6 /* Products */;
			projectDirPath = "";
			projectRoot = "";
			targets = (
				C6792AE822E4D140000A34A6 /* Zaina */,
			);
		};
/* End PBXProject section */

/* Begin PBXResourcesBuildPhase section */
		C6792AE722E4D140000A34A6 /* Resources */ = {
			isa = PBXResourcesBuildPhase;
			buildActionMask = 2147483647;
			files = (
				C6792AF722E4D142000A34A6 /* LaunchScreen.storyboard in Resources */,
				C6EF562E2376052E00711E0F /* House.storyboard in Resources */,
				C607126E2375DD7F00039AE6 /* darkforest.mp3 in Resources */,
				C6EF56282375F14D00711E0F /* game_over.wav in Resources */,
				C68513F92375963A00D55020 /* Localizable.strings in Resources */,
				C687C4AE236CBEEC00E83B61 /* background.wav in Resources */,
				C607126C2375DC0200039AE6 /* main_screen.mp3 in Resources */,
				C6792AF422E4D142000A34A6 /* Assets.xcassets in Resources */,
				C6EF562A2375FA7000711E0F /* piano90e.mp3 in Resources */,
				C6EF563623761E5300711E0F /* fire.wav in Resources */,
				C67BC1BE22EAECA500C7D44E /* pixel_font.ttf in Resources */,
				C6792AF222E4D140000A34A6 /* Main.storyboard in Resources */,
			);
			runOnlyForDeploymentPostprocessing = 0;
		};
/* End PBXResourcesBuildPhase section */

/* Begin PBXSourcesBuildPhase section */
		C6792AE522E4D140000A34A6 /* Sources */ = {
			isa = PBXSourcesBuildPhase;
			buildActionMask = 2147483647;
			files = (
				C6792B1422E5EF43000A34A6 /* AnalogView.swift in Sources */,
				C6792B0A22E4D3FB000A34A6 /* ObjectView.swift in Sources */,
				C6EF56222375EA6600711E0F /* DarkSoulSpriteView.swift in Sources */,
				C6792B0822E4D385000A34A6 /* SpriteView.swift in Sources */,
				C6EF563823761FE500711E0F /* HallViewController.swift in Sources */,
				C6EF562C2376008E00711E0F /* LightNodeView.swift in Sources */,
				C6EF56262375F02100711E0F /* GameOverViewController.swift in Sources */,
				C6801B10236606F800A3085C /* SceneView.swift in Sources */,
				C68513EF23756A0300D55020 /* OmarSpriteView.swift in Sources */,
				C687C4A6236CAC1900E83B61 /* ZainaSpriteView.swift in Sources */,
				C687C4A8236CB10400E83B61 /* CollideTypes.swift in Sources */,
				C6801B0C2366028700A3085C /* SplashViewController.swift in Sources */,
				C67BC1BC22EAE91E00C7D44E /* NodeView.swift in Sources */,
				C67BC1B322EAC86E00C7D44E /* BackgroundView.swift in Sources */,
				C68513FD237596FB00D55020 /* String+Helpers.swift in Sources */,
				C6792AEF22E4D140000A34A6 /* HouseViewController.swift in Sources */,
				C6EF5632237612E500711E0F /* KitchenViewController.swift in Sources */,
				C6EF56202375E5EC00711E0F /* DiningRoomViewController.swift in Sources */,
				C68513F6237595CB00D55020 /* Status.swift in Sources */,
				C6792AED22E4D140000A34A6 /* AppDelegate.swift in Sources */,
				C687C4B0236CC7D500E83B61 /* MusicPlayer.swift in Sources */,
				C61B383E237681070004B2B1 /* HouseExitViewController.swift in Sources */,
				C61B0B2C2366113100CB376F /* MainViewController.swift in Sources */,
				C67BC1B722EAD79C00C7D44E /* Analog.swift in Sources */,
				C6792B0522E4D1F5000A34A6 /* BaseGameViewController.swift in Sources */,
				C687C4AA236CB81300E83B61 /* SpiderSpriteView.swift in Sources */,
				C6B63930236CA5B000C282FC /* UIStoryboard.swift in Sources */,
				C67BC1B522EAD78500C7D44E /* Direction.swift in Sources */,
				C68513F223756C2500D55020 /* DialogView.swift in Sources */,
				C6801B0E2366056100A3085C /* IntranceViewController.swift in Sources */,
				C6B6392D236CA52D00C282FC /* UIViewController.swift in Sources */,
				C67BC1BA22EAD9AD00C7D44E /* Frames.swift in Sources */,
			);
			runOnlyForDeploymentPostprocessing = 0;
		};
/* End PBXSourcesBuildPhase section */

/* Begin PBXVariantGroup section */
		C6792AF022E4D140000A34A6 /* Main.storyboard */ = {
			isa = PBXVariantGroup;
			children = (
				C6792AF122E4D140000A34A6 /* Base */,
			);
			name = Main.storyboard;
			sourceTree = "<group>";
		};
		C6792AF522E4D142000A34A6 /* LaunchScreen.storyboard */ = {
			isa = PBXVariantGroup;
			children = (
				C6792AF622E4D142000A34A6 /* Base */,
			);
			name = LaunchScreen.storyboard;
			sourceTree = "<group>";
		};
		C68513FB2375963A00D55020 /* Localizable.strings */ = {
			isa = PBXVariantGroup;
			children = (
				C68513FA2375963A00D55020 /* en */,
			);
			name = Localizable.strings;
			sourceTree = "<group>";
		};
/* End PBXVariantGroup section */

/* Begin XCBuildConfiguration section */
		C6792AF922E4D142000A34A6 /* Debug */ = {
			isa = XCBuildConfiguration;
			buildSettings = {
				ALWAYS_SEARCH_USER_PATHS = NO;
				CLANG_ANALYZER_NONNULL = YES;
				CLANG_ANALYZER_NUMBER_OBJECT_CONVERSION = YES_AGGRESSIVE;
				CLANG_CXX_LANGUAGE_STANDARD = "gnu++14";
				CLANG_CXX_LIBRARY = "libc++";
				CLANG_ENABLE_MODULES = YES;
				CLANG_ENABLE_OBJC_ARC = YES;
				CLANG_ENABLE_OBJC_WEAK = YES;
				CLANG_WARN_BLOCK_CAPTURE_AUTORELEASING = YES;
				CLANG_WARN_BOOL_CONVERSION = YES;
				CLANG_WARN_COMMA = YES;
				CLANG_WARN_CONSTANT_CONVERSION = YES;
				CLANG_WARN_DEPRECATED_OBJC_IMPLEMENTATIONS = YES;
				CLANG_WARN_DIRECT_OBJC_ISA_USAGE = YES_ERROR;
				CLANG_WARN_DOCUMENTATION_COMMENTS = YES;
				CLANG_WARN_EMPTY_BODY = YES;
				CLANG_WARN_ENUM_CONVERSION = YES;
				CLANG_WARN_INFINITE_RECURSION = YES;
				CLANG_WARN_INT_CONVERSION = YES;
				CLANG_WARN_NON_LITERAL_NULL_CONVERSION = YES;
				CLANG_WARN_OBJC_IMPLICIT_RETAIN_SELF = YES;
				CLANG_WARN_OBJC_LITERAL_CONVERSION = YES;
				CLANG_WARN_OBJC_ROOT_CLASS = YES_ERROR;
				CLANG_WARN_RANGE_LOOP_ANALYSIS = YES;
				CLANG_WARN_STRICT_PROTOTYPES = YES;
				CLANG_WARN_SUSPICIOUS_MOVE = YES;
				CLANG_WARN_UNGUARDED_AVAILABILITY = YES_AGGRESSIVE;
				CLANG_WARN_UNREACHABLE_CODE = YES;
				CLANG_WARN__DUPLICATE_METHOD_MATCH = YES;
				CODE_SIGN_IDENTITY = "iPhone Developer";
				COPY_PHASE_STRIP = NO;
				DEBUG_INFORMATION_FORMAT = dwarf;
				ENABLE_STRICT_OBJC_MSGSEND = YES;
				ENABLE_TESTABILITY = YES;
				GCC_C_LANGUAGE_STANDARD = gnu11;
				GCC_DYNAMIC_NO_PIC = NO;
				GCC_NO_COMMON_BLOCKS = YES;
				GCC_OPTIMIZATION_LEVEL = 0;
				GCC_PREPROCESSOR_DEFINITIONS = (
					"DEBUG=1",
					"$(inherited)",
				);
				GCC_WARN_64_TO_32_BIT_CONVERSION = YES;
				GCC_WARN_ABOUT_RETURN_TYPE = YES_ERROR;
				GCC_WARN_UNDECLARED_SELECTOR = YES;
				GCC_WARN_UNINITIALIZED_AUTOS = YES_AGGRESSIVE;
				GCC_WARN_UNUSED_FUNCTION = YES;
				GCC_WARN_UNUSED_VARIABLE = YES;
				IPHONEOS_DEPLOYMENT_TARGET = 12.2;
				MTL_ENABLE_DEBUG_INFO = INCLUDE_SOURCE;
				MTL_FAST_MATH = YES;
				ONLY_ACTIVE_ARCH = YES;
				SDKROOT = iphoneos;
				SWIFT_ACTIVE_COMPILATION_CONDITIONS = DEBUG;
				SWIFT_OPTIMIZATION_LEVEL = "-Onone";
			};
			name = Debug;
		};
		C6792AFA22E4D142000A34A6 /* Release */ = {
			isa = XCBuildConfiguration;
			buildSettings = {
				ALWAYS_SEARCH_USER_PATHS = NO;
				CLANG_ANALYZER_NONNULL = YES;
				CLANG_ANALYZER_NUMBER_OBJECT_CONVERSION = YES_AGGRESSIVE;
				CLANG_CXX_LANGUAGE_STANDARD = "gnu++14";
				CLANG_CXX_LIBRARY = "libc++";
				CLANG_ENABLE_MODULES = YES;
				CLANG_ENABLE_OBJC_ARC = YES;
				CLANG_ENABLE_OBJC_WEAK = YES;
				CLANG_WARN_BLOCK_CAPTURE_AUTORELEASING = YES;
				CLANG_WARN_BOOL_CONVERSION = YES;
				CLANG_WARN_COMMA = YES;
				CLANG_WARN_CONSTANT_CONVERSION = YES;
				CLANG_WARN_DEPRECATED_OBJC_IMPLEMENTATIONS = YES;
				CLANG_WARN_DIRECT_OBJC_ISA_USAGE = YES_ERROR;
				CLANG_WARN_DOCUMENTATION_COMMENTS = YES;
				CLANG_WARN_EMPTY_BODY = YES;
				CLANG_WARN_ENUM_CONVERSION = YES;
				CLANG_WARN_INFINITE_RECURSION = YES;
				CLANG_WARN_INT_CONVERSION = YES;
				CLANG_WARN_NON_LITERAL_NULL_CONVERSION = YES;
				CLANG_WARN_OBJC_IMPLICIT_RETAIN_SELF = YES;
				CLANG_WARN_OBJC_LITERAL_CONVERSION = YES;
				CLANG_WARN_OBJC_ROOT_CLASS = YES_ERROR;
				CLANG_WARN_RANGE_LOOP_ANALYSIS = YES;
				CLANG_WARN_STRICT_PROTOTYPES = YES;
				CLANG_WARN_SUSPICIOUS_MOVE = YES;
				CLANG_WARN_UNGUARDED_AVAILABILITY = YES_AGGRESSIVE;
				CLANG_WARN_UNREACHABLE_CODE = YES;
				CLANG_WARN__DUPLICATE_METHOD_MATCH = YES;
				CODE_SIGN_IDENTITY = "iPhone Developer";
				COPY_PHASE_STRIP = NO;
				DEBUG_INFORMATION_FORMAT = "dwarf-with-dsym";
				ENABLE_NS_ASSERTIONS = NO;
				ENABLE_STRICT_OBJC_MSGSEND = YES;
				GCC_C_LANGUAGE_STANDARD = gnu11;
				GCC_NO_COMMON_BLOCKS = YES;
				GCC_WARN_64_TO_32_BIT_CONVERSION = YES;
				GCC_WARN_ABOUT_RETURN_TYPE = YES_ERROR;
				GCC_WARN_UNDECLARED_SELECTOR = YES;
				GCC_WARN_UNINITIALIZED_AUTOS = YES_AGGRESSIVE;
				GCC_WARN_UNUSED_FUNCTION = YES;
				GCC_WARN_UNUSED_VARIABLE = YES;
				IPHONEOS_DEPLOYMENT_TARGET = 12.2;
				MTL_ENABLE_DEBUG_INFO = NO;
				MTL_FAST_MATH = YES;
				SDKROOT = iphoneos;
				SWIFT_COMPILATION_MODE = wholemodule;
				SWIFT_OPTIMIZATION_LEVEL = "-O";
				VALIDATE_PRODUCT = YES;
			};
			name = Release;
		};
		C6792AFC22E4D142000A34A6 /* Debug */ = {
			isa = XCBuildConfiguration;
			buildSettings = {
				ASSETCATALOG_COMPILER_APPICON_NAME = AppIcon;
				CODE_SIGN_ENTITLEMENTS = Zaina/Zaina.entitlements;
				CODE_SIGN_IDENTITY = "Apple Development";
				CODE_SIGN_STYLE = Automatic;
				DEVELOPMENT_TEAM = H3MRF55H66;
				INFOPLIST_FILE = "$(SRCROOT)/Zaina/SupportFiles/Info.plist";
				LD_RUNPATH_SEARCH_PATHS = (
					"$(inherited)",
					"@executable_path/Frameworks",
				);
				PRODUCT_BUNDLE_IDENTIFIER = abedalkareem.Zaina;
				PRODUCT_NAME = "$(TARGET_NAME)";
				PROVISIONING_PROFILE_SPECIFIER = "";
				SUPPORTS_MACCATALYST = NO;
				SWIFT_VERSION = 5.0;
				TARGETED_DEVICE_FAMILY = "1,2";
			};
			name = Debug;
		};
		C6792AFD22E4D142000A34A6 /* Release */ = {
			isa = XCBuildConfiguration;
			buildSettings = {
				ASSETCATALOG_COMPILER_APPICON_NAME = AppIcon;
				CODE_SIGN_ENTITLEMENTS = Zaina/Zaina.entitlements;
				CODE_SIGN_IDENTITY = "Apple Development";
				CODE_SIGN_STYLE = Automatic;
				DEVELOPMENT_TEAM = H3MRF55H66;
				INFOPLIST_FILE = "$(SRCROOT)/Zaina/SupportFiles/Info.plist";
				LD_RUNPATH_SEARCH_PATHS = (
					"$(inherited)",
					"@executable_path/Frameworks",
				);
				PRODUCT_BUNDLE_IDENTIFIER = abedalkareem.Zaina;
				PRODUCT_NAME = "$(TARGET_NAME)";
				PROVISIONING_PROFILE_SPECIFIER = "";
				SUPPORTS_MACCATALYST = NO;
				SWIFT_VERSION = 5.0;
				TARGETED_DEVICE_FAMILY = "1,2";
			};
			name = Release;
		};
/* End XCBuildConfiguration section */

/* Begin XCConfigurationList section */
		C6792AE422E4D140000A34A6 /* Build configuration list for PBXProject "Zaina" */ = {
			isa = XCConfigurationList;
			buildConfigurations = (
				C6792AF922E4D142000A34A6 /* Debug */,
				C6792AFA22E4D142000A34A6 /* Release */,
			);
			defaultConfigurationIsVisible = 0;
			defaultConfigurationName = Release;
		};
		C6792AFB22E4D142000A34A6 /* Build configuration list for PBXNativeTarget "Zaina" */ = {
			isa = XCConfigurationList;
			buildConfigurations = (
				C6792AFC22E4D142000A34A6 /* Debug */,
				C6792AFD22E4D142000A34A6 /* Release */,
			);
			defaultConfigurationIsVisible = 0;
			defaultConfigurationName = Release;
		};
/* End XCConfigurationList section */
	};
	rootObject = C6792AE122E4D140000A34A6 /* Project object */;
}
